{
  "name": "agora-web-broadcast-demo",
  "version": "1.0.0",
  "lockfileVersion": 1,
  "requires": true,
  "dependencies": {
    "agora-rtc-sdk": {
      "version": "3.6.0",
      "resolved": "https://registry.npmjs.org/agora-rtc-sdk/-/agora-rtc-sdk-3.6.0.tgz",
      "integrity": "sha512-w4zaE1qTCTXyf6+QNiNMAz3tNtpCxdGNxBZbjMtgHwl0czT8pOCY4FLGmeiapXJUnksEl6ryfHSc8gAEE9WsLw=="
    }
  }
}
